
Microsoft Visual Studio Solution File, Format Version 12.00
# Visual Studio 15
VisualStudioVersion = 15.0.28010.2041
MinimumVisualStudioVersion = 10.0.40219.1
Project("{FAE04EC0-301F-11D3-BF4B-00C04F79EFBC}") = "OOP_Project", "OOP_Project\OOP_Project.csproj", "{A3C4B24B-69D6-47FB-B4E4-509D9F99C168}"
EndProject
Project("{2150E333-8FDC-42A3-9474-1A3956D46DE8}") = "Tests", "Tests", "{53E1F12A-39DF-40F5-AA51-FA7DF4A51402}"
EndProject
Project("{FAE04EC0-301F-11D3-BF4B-00C04F79EFBC}") = "UnitTests", "UnitTestProject1\UnitTests.csproj", "{0D7B1449-66E5-450E-A0F2-843AED1F4FE2}"
EndProject
Project("{2150E333-8FDC-42A3-9474-1A3956D46DE8}") = "NUnit", "NUnit", "{A07317C5-6E41-4450-8C8B-32D555CAD8B9}"
EndProject
Project("{FAE04EC0-301F-11D3-BF4B-00C04F79EFBC}") = "NUnitTests", "NUnitTests\NUnitTests.csproj", "{9DF87588-8FC7-4DCF-8F92-695B6BABCF89}"
EndProject
Project("{2150E333-8FDC-42A3-9474-1A3956D46DE8}") = "IntegrationTestsSuite", "IntegrationTestsSuite", "{FA9F0FC5-3897-48C8-98AE-3D786F58B255}"
EndProject
Project("{FAE04EC0-301F-11D3-BF4B-00C04F79EFBC}") = "IntegrationTests", "IntegrationTests\IntegrationTests.csproj", "{E634369E-513C-4D90-A358-CD1F8A85C3CC}"
EndProject
Global
	GlobalSection(SolutionConfigurationPlatforms) = preSolution
		Debug|Any CPU = Debug|Any CPU
		Release|Any CPU = Release|Any CPU
	EndGlobalSection
	GlobalSection(ProjectConfigurationPlatforms) = postSolution
		{A3C4B24B-69D6-47FB-B4E4-509D9F99C168}.Debug|Any CPU.ActiveCfg = Debug|Any CPU
		{A3C4B24B-69D6-47FB-B4E4-509D9F99C168}.Debug|Any CPU.Build.0 = Debug|Any CPU
		{A3C4B24B-69D6-47FB-B4E4-509D9F99C168}.Release|Any CPU.ActiveCfg = Release|Any CPU
		{A3C4B24B-69D6-47FB-B4E4-509D9F99C168}.Release|Any CPU.Build.0 = Release|Any CPU
		{0D7B1449-66E5-450E-A0F2-843AED1F4FE2}.Debug|Any CPU.ActiveCfg = Debug|Any CPU
		{0D7B1449-66E5-450E-A0F2-843AED1F4FE2}.Debug|Any CPU.Build.0 = Debug|Any CPU
		{0D7B1449-66E5-450E-A0F2-843AED1F4FE2}.Release|Any CPU.ActiveCfg = Release|Any CPU
		{0D7B1449-66E5-450E-A0F2-843AED1F4FE2}.Release|Any CPU.Build.0 = Release|Any CPU
		{9DF87588-8FC7-4DCF-8F92-695B6BABCF89}.Debug|Any CPU.ActiveCfg = Debug|Any CPU
		{9DF87588-8FC7-4DCF-8F92-695B6BABCF89}.Debug|Any CPU.Build.0 = Debug|Any CPU
		{9DF87588-8FC7-4DCF-8F92-695B6BABCF89}.Release|Any CPU.ActiveCfg = Release|Any CPU
		{9DF87588-8FC7-4DCF-8F92-695B6BABCF89}.Release|Any CPU.Build.0 = Release|Any CPU
		{E634369E-513C-4D90-A358-CD1F8A85C3CC}.Debug|Any CPU.ActiveCfg = Debug|Any CPU
		{E634369E-513C-4D90-A358-CD1F8A85C3CC}.Debug|Any CPU.Build.0 = Debug|Any CPU
		{E634369E-513C-4D90-A358-CD1F8A85C3CC}.Release|Any CPU.ActiveCfg = Release|Any CPU
		{E634369E-513C-4D90-A358-CD1F8A85C3CC}.Release|Any CPU.Build.0 = Release|Any CPU
	EndGlobalSection
	GlobalSection(SolutionProperties) = preSolution
		HideSolutionNode = FALSE
	EndGlobalSection
	GlobalSection(NestedProjects) = preSolution
		{0D7B1449-66E5-450E-A0F2-843AED1F4FE2} = {53E1F12A-39DF-40F5-AA51-FA7DF4A51402}
		{A07317C5-6E41-4450-8C8B-32D555CAD8B9} = {53E1F12A-39DF-40F5-AA51-FA7DF4A51402}
		{9DF87588-8FC7-4DCF-8F92-695B6BABCF89} = {A07317C5-6E41-4450-8C8B-32D555CAD8B9}
		{E634369E-513C-4D90-A358-CD1F8A85C3CC} = {FA9F0FC5-3897-48C8-98AE-3D786F58B255}
	EndGlobalSection
	GlobalSection(ExtensibilityGlobals) = postSolution
		SolutionGuid = {B52051DD-C4F0-4753-A6EB-F59BDBF0CA70}
	EndGlobalSection
EndGlobal
